
Microsoft Visual Studio Solution File, Format Version 12.00
# Visual Studio Version 16
VisualStudioVersion = 16.0.31613.86
MinimumVisualStudioVersion = 10.0.40219.1
Project("{8BC9CEB8-8B4A-11D0-8D11-00A0C91BC942}") = "MakingASquare2", "MakingASquare2\MakingASquare2.vcxproj", "{FC904DA5-A0B8-43C5-9210-CE064A0F91B7}"
EndProject
Global
	GlobalSection(SolutionConfigurationPlatforms) = preSolution
		Debug|x64 = Debug|x64
		Debug|x86 = Debug|x86
		Release|x64 = Release|x64
		Release|x86 = Release|x86
	EndGlobalSection
	GlobalSection(ProjectConfigurationPlatforms) = postSolution
		{FC904DA5-A0B8-43C5-9210-CE064A0F91B7}.Debug|x64.ActiveCfg = Debug|x64
		{FC904DA5-A0B8-43C5-9210-CE064A0F91B7}.Debug|x64.Build.0 = Debug|x64
		{FC904DA5-A0B8-43C5-9210-CE064A0F91B7}.Debug|x86.ActiveCfg = Debug|Win32
		{FC904DA5-A0B8-43C5-9210-CE064A0F91B7}.Debug|x86.Build.0 = Debug|Win32
		{FC904DA5-A0B8-43C5-9210-CE064A0F91B7}.Release|x64.ActiveCfg = Release|x64
		{FC904DA5-A0B8-43C5-9210-CE064A0F91B7}.Release|x64.Build.0 = Release|x64
		{FC904DA5-A0B8-43C5-9210-CE064A0F91B7}.Release|x86.ActiveCfg = Release|Win32
		{FC904DA5-A0B8-43C5-9210-CE064A0F91B7}.Release|x86.Build.0 = Release|Win32
	EndGlobalSection
	GlobalSection(SolutionProperties) = preSolution
		HideSolutionNode = FALSE
	EndGlobalSection
	GlobalSection(ExtensibilityGlobals) = postSolution
		SolutionGuid = {E28527F0-B407-4EA8-AB4D-15B3A82955FD}
	EndGlobalSection
EndGlobal
